
Microsoft Visual Studio Solution File, Format Version 12.00
# Visual Studio Version 17
VisualStudioVersion = 17.8.34511.84
MinimumVisualStudioVersion = 10.0.40219.1
Project("{FAE04EC0-301F-11D3-BF4B-00C04F79EFBC}") = "2", "2\2.csproj", "{3545F9F0-AD25-407B-B171-CF1483320373}"
EndProject
Global
	GlobalSection(SolutionConfigurationPlatforms) = preSolution
		Debug|Any CPU = Debug|Any CPU
		Release|Any CPU = Release|Any CPU
	EndGlobalSection
	GlobalSection(ProjectConfigurationPlatforms) = postSolution
		{3545F9F0-AD25-407B-B171-CF1483320373}.Debug|Any CPU.ActiveCfg = Debug|Any CPU
		{3545F9F0-AD25-407B-B171-CF1483320373}.Debug|Any CPU.Build.0 = Debug|Any CPU
		{3545F9F0-AD25-407B-B171-CF1483320373}.Release|Any CPU.ActiveCfg = Release|Any CPU
		{3545F9F0-AD25-407B-B171-CF1483320373}.Release|Any CPU.Build.0 = Release|Any CPU
	EndGlobalSection
	GlobalSection(SolutionProperties) = preSolution
		HideSolutionNode = FALSE
	EndGlobalSection
	GlobalSection(ExtensibilityGlobals) = postSolution
		SolutionGuid = {4CD9ED77-907E-4D67-B2F0-4329CD64EF7F}
	EndGlobalSection
EndGlobal
